
Microsoft Visual Studio Solution File, Format Version 12.00
# Visual Studio Version 17
VisualStudioVersion = 17.7.34018.315
MinimumVisualStudioVersion = 10.0.40219.1
Project("{8BC9CEB8-8B4A-11D0-8D11-00A0C91BC942}") = "RAWHID_Service", "RAWHID_Service\RAWHID_Service.vcxproj", "{78E048C6-F87C-4E48-997F-E0B3627D6EF5}"
EndProject
Global
	GlobalSection(SolutionConfigurationPlatforms) = preSolution
		Debug|x64 = Debug|x64
		Debug|x86 = Debug|x86
		Release|x64 = Release|x64
		Release|x86 = Release|x86
	EndGlobalSection
	GlobalSection(ProjectConfigurationPlatforms) = postSolution
		{78E048C6-F87C-4E48-997F-E0B3627D6EF5}.Debug|x64.ActiveCfg = Debug|x64
		{78E048C6-F87C-4E48-997F-E0B3627D6EF5}.Debug|x64.Build.0 = Debug|x64
		{78E048C6-F87C-4E48-997F-E0B3627D6EF5}.Debug|x86.ActiveCfg = Debug|Win32
		{78E048C6-F87C-4E48-997F-E0B3627D6EF5}.Debug|x86.Build.0 = Debug|Win32
		{78E048C6-F87C-4E48-997F-E0B3627D6EF5}.Release|x64.ActiveCfg = Release|x64
		{78E048C6-F87C-4E48-997F-E0B3627D6EF5}.Release|x64.Build.0 = Release|x64
		{78E048C6-F87C-4E48-997F-E0B3627D6EF5}.Release|x86.ActiveCfg = Release|Win32
		{78E048C6-F87C-4E48-997F-E0B3627D6EF5}.Release|x86.Build.0 = Release|Win32
	EndGlobalSection
	GlobalSection(SolutionProperties) = preSolution
		HideSolutionNode = FALSE
	EndGlobalSection
	GlobalSection(ExtensibilityGlobals) = postSolution
		SolutionGuid = {CC0A3A1F-939C-4B03-A3B8-BBF466D685D5}
	EndGlobalSection
EndGlobal
